
Microsoft Visual Studio Solution File, Format Version 12.00
# Visual Studio Version 17
VisualStudioVersion = 17.6.33829.357
MinimumVisualStudioVersion = 10.0.40219.1
Project("{FAE04EC0-301F-11D3-BF4B-00C04F79EFBC}") = "BondGadgetCollection", "BondGadgetCollection\BondGadgetCollection.csproj", "{3BA0659E-45B9-46FF-97D9-1A0279B55CFD}"
EndProject
Global
	GlobalSection(SolutionConfigurationPlatforms) = preSolution
		Debug|Any CPU = Debug|Any CPU
		Release|Any CPU = Release|Any CPU
	EndGlobalSection
	GlobalSection(ProjectConfigurationPlatforms) = postSolution
		{3BA0659E-45B9-46FF-97D9-1A0279B55CFD}.Debug|Any CPU.ActiveCfg = Debug|Any CPU
		{3BA0659E-45B9-46FF-97D9-1A0279B55CFD}.Debug|Any CPU.Build.0 = Debug|Any CPU
		{3BA0659E-45B9-46FF-97D9-1A0279B55CFD}.Release|Any CPU.ActiveCfg = Release|Any CPU
		{3BA0659E-45B9-46FF-97D9-1A0279B55CFD}.Release|Any CPU.Build.0 = Release|Any CPU
	EndGlobalSection
	GlobalSection(SolutionProperties) = preSolution
		HideSolutionNode = FALSE
	EndGlobalSection
	GlobalSection(ExtensibilityGlobals) = postSolution
		SolutionGuid = {B4738781-F480-4BFC-A645-AE6BC2B3634E}
	EndGlobalSection
EndGlobal
